
Microsoft Visual Studio Solution File, Format Version 12.00
# Visual Studio Version 17
VisualStudioVersion = 17.8.34330.188
MinimumVisualStudioVersion = 10.0.40219.1
Project("{2150E333-8FDC-42A3-9474-1A3956D46DE8}") = "Services", "Services", "{68655743-EAA2-4CFC-BA75-D5CD06E3344D}"
EndProject
Project("{2150E333-8FDC-42A3-9474-1A3956D46DE8}") = "Catalog", "Catalog", "{0EA0F70B-9C77-4AA5-823A-607072669F50}"
EndProject
Project("{9A19103F-16F7-4668-BE54-9A1E7A4F7556}") = "Catalog.Core", "Services\Catalog\Catalog.Core\Catalog.Core.csproj", "{C180C85B-B83E-4867-9715-E7721047BCE9}"
EndProject
Project("{9A19103F-16F7-4668-BE54-9A1E7A4F7556}") = "Catalog.Application", "Services\Catalog\Catalog.Application\Catalog.Application.csproj", "{1214A583-4AF0-4F5C-B2DF-58D3D1111368}"
EndProject
Project("{9A19103F-16F7-4668-BE54-9A1E7A4F7556}") = "Catalog.Infrastructure", "Services\Catalog\Catalog.Infrastructure\Catalog.Infrastructure.csproj", "{F607437D-6C94-4E8B-8FBA-4C8B3CF68EC2}"
EndProject
Project("{9A19103F-16F7-4668-BE54-9A1E7A4F7556}") = "Catalog.API", "Services\Catalog\Catalog.API\Catalog.API.csproj", "{435F2717-E7C1-495E-8D01-08B576A471CA}"
EndProject
Global
	GlobalSection(SolutionConfigurationPlatforms) = preSolution
		Debug|Any CPU = Debug|Any CPU
		Release|Any CPU = Release|Any CPU
	EndGlobalSection
	GlobalSection(ProjectConfigurationPlatforms) = postSolution
		{C180C85B-B83E-4867-9715-E7721047BCE9}.Debug|Any CPU.ActiveCfg = Debug|Any CPU
		{C180C85B-B83E-4867-9715-E7721047BCE9}.Debug|Any CPU.Build.0 = Debug|Any CPU
		{C180C85B-B83E-4867-9715-E7721047BCE9}.Release|Any CPU.ActiveCfg = Release|Any CPU
		{C180C85B-B83E-4867-9715-E7721047BCE9}.Release|Any CPU.Build.0 = Release|Any CPU
		{1214A583-4AF0-4F5C-B2DF-58D3D1111368}.Debug|Any CPU.ActiveCfg = Debug|Any CPU
		{1214A583-4AF0-4F5C-B2DF-58D3D1111368}.Debug|Any CPU.Build.0 = Debug|Any CPU
		{1214A583-4AF0-4F5C-B2DF-58D3D1111368}.Release|Any CPU.ActiveCfg = Release|Any CPU
		{1214A583-4AF0-4F5C-B2DF-58D3D1111368}.Release|Any CPU.Build.0 = Release|Any CPU
		{F607437D-6C94-4E8B-8FBA-4C8B3CF68EC2}.Debug|Any CPU.ActiveCfg = Debug|Any CPU
		{F607437D-6C94-4E8B-8FBA-4C8B3CF68EC2}.Debug|Any CPU.Build.0 = Debug|Any CPU
		{F607437D-6C94-4E8B-8FBA-4C8B3CF68EC2}.Release|Any CPU.ActiveCfg = Release|Any CPU
		{F607437D-6C94-4E8B-8FBA-4C8B3CF68EC2}.Release|Any CPU.Build.0 = Release|Any CPU
		{435F2717-E7C1-495E-8D01-08B576A471CA}.Debug|Any CPU.ActiveCfg = Debug|Any CPU
		{435F2717-E7C1-495E-8D01-08B576A471CA}.Debug|Any CPU.Build.0 = Debug|Any CPU
		{435F2717-E7C1-495E-8D01-08B576A471CA}.Release|Any CPU.ActiveCfg = Release|Any CPU
		{435F2717-E7C1-495E-8D01-08B576A471CA}.Release|Any CPU.Build.0 = Release|Any CPU
	EndGlobalSection
	GlobalSection(SolutionProperties) = preSolution
		HideSolutionNode = FALSE
	EndGlobalSection
	GlobalSection(NestedProjects) = preSolution
		{0EA0F70B-9C77-4AA5-823A-607072669F50} = {68655743-EAA2-4CFC-BA75-D5CD06E3344D}
		{C180C85B-B83E-4867-9715-E7721047BCE9} = {0EA0F70B-9C77-4AA5-823A-607072669F50}
		{1214A583-4AF0-4F5C-B2DF-58D3D1111368} = {0EA0F70B-9C77-4AA5-823A-607072669F50}
		{F607437D-6C94-4E8B-8FBA-4C8B3CF68EC2} = {0EA0F70B-9C77-4AA5-823A-607072669F50}
		{435F2717-E7C1-495E-8D01-08B576A471CA} = {0EA0F70B-9C77-4AA5-823A-607072669F50}
	EndGlobalSection
	GlobalSection(ExtensibilityGlobals) = postSolution
		SolutionGuid = {90DEC45C-9837-4D13-9383-96EB401546A5}
	EndGlobalSection
EndGlobal
